
Microsoft Visual Studio Solution File, Format Version 12.00
# Visual Studio Version 16
VisualStudioVersion = 16.0.33328.57
MinimumVisualStudioVersion = 10.0.40219.1
Project("{8BC9CEB8-8B4A-11D0-8D11-00A0C91BC942}") = "P66 type punning", "P66 type punning\P66 type punning.vcxproj", "{535CFCAC-4E29-480D-B8F1-5C807A73A9E8}"
EndProject
Global
	GlobalSection(SolutionConfigurationPlatforms) = preSolution
		Debug|x64 = Debug|x64
		Debug|x86 = Debug|x86
		Release|x64 = Release|x64
		Release|x86 = Release|x86
	EndGlobalSection
	GlobalSection(ProjectConfigurationPlatforms) = postSolution
		{535CFCAC-4E29-480D-B8F1-5C807A73A9E8}.Debug|x64.ActiveCfg = Debug|x64
		{535CFCAC-4E29-480D-B8F1-5C807A73A9E8}.Debug|x64.Build.0 = Debug|x64
		{535CFCAC-4E29-480D-B8F1-5C807A73A9E8}.Debug|x86.ActiveCfg = Debug|Win32
		{535CFCAC-4E29-480D-B8F1-5C807A73A9E8}.Debug|x86.Build.0 = Debug|Win32
		{535CFCAC-4E29-480D-B8F1-5C807A73A9E8}.Release|x64.ActiveCfg = Release|x64
		{535CFCAC-4E29-480D-B8F1-5C807A73A9E8}.Release|x64.Build.0 = Release|x64
		{535CFCAC-4E29-480D-B8F1-5C807A73A9E8}.Release|x86.ActiveCfg = Release|Win32
		{535CFCAC-4E29-480D-B8F1-5C807A73A9E8}.Release|x86.Build.0 = Release|Win32
	EndGlobalSection
	GlobalSection(SolutionProperties) = preSolution
		HideSolutionNode = FALSE
	EndGlobalSection
	GlobalSection(ExtensibilityGlobals) = postSolution
		SolutionGuid = {A6C627F8-0CE9-40EA-84FA-22DD589E994D}
	EndGlobalSection
EndGlobal
