
Microsoft Visual Studio Solution File, Format Version 12.00
# Visual Studio Version 16
VisualStudioVersion = 16.0.33328.57
MinimumVisualStudioVersion = 10.0.40219.1
Project("{8BC9CEB8-8B4A-11D0-8D11-00A0C91BC942}") = "P63 Timing", "P63 Timing\P63 Timing.vcxproj", "{36264E07-9D5A-4FC0-8871-DD6A18EDACBD}"
EndProject
Global
	GlobalSection(SolutionConfigurationPlatforms) = preSolution
		Debug|x64 = Debug|x64
		Debug|x86 = Debug|x86
		Release|x64 = Release|x64
		Release|x86 = Release|x86
	EndGlobalSection
	GlobalSection(ProjectConfigurationPlatforms) = postSolution
		{36264E07-9D5A-4FC0-8871-DD6A18EDACBD}.Debug|x64.ActiveCfg = Debug|x64
		{36264E07-9D5A-4FC0-8871-DD6A18EDACBD}.Debug|x64.Build.0 = Debug|x64
		{36264E07-9D5A-4FC0-8871-DD6A18EDACBD}.Debug|x86.ActiveCfg = Debug|Win32
		{36264E07-9D5A-4FC0-8871-DD6A18EDACBD}.Debug|x86.Build.0 = Debug|Win32
		{36264E07-9D5A-4FC0-8871-DD6A18EDACBD}.Release|x64.ActiveCfg = Release|x64
		{36264E07-9D5A-4FC0-8871-DD6A18EDACBD}.Release|x64.Build.0 = Release|x64
		{36264E07-9D5A-4FC0-8871-DD6A18EDACBD}.Release|x86.ActiveCfg = Release|Win32
		{36264E07-9D5A-4FC0-8871-DD6A18EDACBD}.Release|x86.Build.0 = Release|Win32
	EndGlobalSection
	GlobalSection(SolutionProperties) = preSolution
		HideSolutionNode = FALSE
	EndGlobalSection
	GlobalSection(ExtensibilityGlobals) = postSolution
		SolutionGuid = {B4100BF1-271A-468B-BA6E-430CC8FD9480}
	EndGlobalSection
EndGlobal
