
Microsoft Visual Studio Solution File, Format Version 12.00
# Visual Studio Version 16
VisualStudioVersion = 16.0.33328.57
MinimumVisualStudioVersion = 10.0.40219.1
Project("{8BC9CEB8-8B4A-11D0-8D11-00A0C91BC942}") = "P21 Static outside the class", "P21 Static outside the class\P21 Static outside the class.vcxproj", "{73EC6B4F-D492-44AA-BA7F-3D2D54693CE7}"
EndProject
Global
	GlobalSection(SolutionConfigurationPlatforms) = preSolution
		Debug|x64 = Debug|x64
		Debug|x86 = Debug|x86
		Release|x64 = Release|x64
		Release|x86 = Release|x86
	EndGlobalSection
	GlobalSection(ProjectConfigurationPlatforms) = postSolution
		{73EC6B4F-D492-44AA-BA7F-3D2D54693CE7}.Debug|x64.ActiveCfg = Debug|x64
		{73EC6B4F-D492-44AA-BA7F-3D2D54693CE7}.Debug|x64.Build.0 = Debug|x64
		{73EC6B4F-D492-44AA-BA7F-3D2D54693CE7}.Debug|x86.ActiveCfg = Debug|Win32
		{73EC6B4F-D492-44AA-BA7F-3D2D54693CE7}.Debug|x86.Build.0 = Debug|Win32
		{73EC6B4F-D492-44AA-BA7F-3D2D54693CE7}.Release|x64.ActiveCfg = Release|x64
		{73EC6B4F-D492-44AA-BA7F-3D2D54693CE7}.Release|x64.Build.0 = Release|x64
		{73EC6B4F-D492-44AA-BA7F-3D2D54693CE7}.Release|x86.ActiveCfg = Release|Win32
		{73EC6B4F-D492-44AA-BA7F-3D2D54693CE7}.Release|x86.Build.0 = Release|Win32
	EndGlobalSection
	GlobalSection(SolutionProperties) = preSolution
		HideSolutionNode = FALSE
	EndGlobalSection
	GlobalSection(ExtensibilityGlobals) = postSolution
		SolutionGuid = {8C269235-6112-436B-8756-17661B62F69B}
	EndGlobalSection
EndGlobal
