
Microsoft Visual Studio Solution File, Format Version 12.00
# Visual Studio Version 16
VisualStudioVersion = 16.0.33328.57
MinimumVisualStudioVersion = 10.0.40219.1
Project("{8BC9CEB8-8B4A-11D0-8D11-00A0C91BC942}") = "P47 Dynamic Arrays", "P47 Dynamic Arrays\P47 Dynamic Arrays.vcxproj", "{23DCB116-24A1-4705-81E4-D13D74A682F8}"
EndProject
Global
	GlobalSection(SolutionConfigurationPlatforms) = preSolution
		Debug|x64 = Debug|x64
		Debug|x86 = Debug|x86
		Release|x64 = Release|x64
		Release|x86 = Release|x86
	EndGlobalSection
	GlobalSection(ProjectConfigurationPlatforms) = postSolution
		{23DCB116-24A1-4705-81E4-D13D74A682F8}.Debug|x64.ActiveCfg = Debug|x64
		{23DCB116-24A1-4705-81E4-D13D74A682F8}.Debug|x64.Build.0 = Debug|x64
		{23DCB116-24A1-4705-81E4-D13D74A682F8}.Debug|x86.ActiveCfg = Debug|Win32
		{23DCB116-24A1-4705-81E4-D13D74A682F8}.Debug|x86.Build.0 = Debug|Win32
		{23DCB116-24A1-4705-81E4-D13D74A682F8}.Release|x64.ActiveCfg = Release|x64
		{23DCB116-24A1-4705-81E4-D13D74A682F8}.Release|x64.Build.0 = Release|x64
		{23DCB116-24A1-4705-81E4-D13D74A682F8}.Release|x86.ActiveCfg = Release|Win32
		{23DCB116-24A1-4705-81E4-D13D74A682F8}.Release|x86.Build.0 = Release|Win32
	EndGlobalSection
	GlobalSection(SolutionProperties) = preSolution
		HideSolutionNode = FALSE
	EndGlobalSection
	GlobalSection(ExtensibilityGlobals) = postSolution
		SolutionGuid = {B39D47B1-8A71-4DC5-8EE8-2B486B9DDFB2}
	EndGlobalSection
EndGlobal
