
Microsoft Visual Studio Solution File, Format Version 12.00
# Visual Studio Version 16
VisualStudioVersion = 16.0.33328.57
MinimumVisualStudioVersion = 10.0.40219.1
Project("{8BC9CEB8-8B4A-11D0-8D11-00A0C91BC942}") = "Project2", "Project2\Project2.vcxproj", "{E2ECA583-0BD7-465F-AC47-EFC22927F828}"
EndProject
Global
	GlobalSection(SolutionConfigurationPlatforms) = preSolution
		Debug|x64 = Debug|x64
		Debug|x86 = Debug|x86
		Release|x64 = Release|x64
		Release|x86 = Release|x86
	EndGlobalSection
	GlobalSection(ProjectConfigurationPlatforms) = postSolution
		{E2ECA583-0BD7-465F-AC47-EFC22927F828}.Debug|x64.ActiveCfg = Debug|x64
		{E2ECA583-0BD7-465F-AC47-EFC22927F828}.Debug|x64.Build.0 = Debug|x64
		{E2ECA583-0BD7-465F-AC47-EFC22927F828}.Debug|x86.ActiveCfg = Debug|Win32
		{E2ECA583-0BD7-465F-AC47-EFC22927F828}.Debug|x86.Build.0 = Debug|Win32
		{E2ECA583-0BD7-465F-AC47-EFC22927F828}.Release|x64.ActiveCfg = Release|x64
		{E2ECA583-0BD7-465F-AC47-EFC22927F828}.Release|x64.Build.0 = Release|x64
		{E2ECA583-0BD7-465F-AC47-EFC22927F828}.Release|x86.ActiveCfg = Release|Win32
		{E2ECA583-0BD7-465F-AC47-EFC22927F828}.Release|x86.Build.0 = Release|Win32
	EndGlobalSection
	GlobalSection(SolutionProperties) = preSolution
		HideSolutionNode = FALSE
	EndGlobalSection
	GlobalSection(ExtensibilityGlobals) = postSolution
		SolutionGuid = {4E3D7401-FC84-4269-B637-71CD80D38561}
	EndGlobalSection
EndGlobal
