
Microsoft Visual Studio Solution File, Format Version 12.00
# Visual Studio Version 16
VisualStudioVersion = 16.0.33328.57
MinimumVisualStudioVersion = 10.0.40219.1
Project("{8BC9CEB8-8B4A-11D0-8D11-00A0C91BC942}") = "Lab", "Lab\Lab.vcxproj", "{5008926E-6E3D-4357-B562-57927728E728}"
EndProject
Global
	GlobalSection(SolutionConfigurationPlatforms) = preSolution
		Debug|x64 = Debug|x64
		Debug|x86 = Debug|x86
		Release|x64 = Release|x64
		Release|x86 = Release|x86
	EndGlobalSection
	GlobalSection(ProjectConfigurationPlatforms) = postSolution
		{5008926E-6E3D-4357-B562-57927728E728}.Debug|x64.ActiveCfg = Debug|x64
		{5008926E-6E3D-4357-B562-57927728E728}.Debug|x64.Build.0 = Debug|x64
		{5008926E-6E3D-4357-B562-57927728E728}.Debug|x86.ActiveCfg = Debug|Win32
		{5008926E-6E3D-4357-B562-57927728E728}.Debug|x86.Build.0 = Debug|Win32
		{5008926E-6E3D-4357-B562-57927728E728}.Release|x64.ActiveCfg = Release|x64
		{5008926E-6E3D-4357-B562-57927728E728}.Release|x64.Build.0 = Release|x64
		{5008926E-6E3D-4357-B562-57927728E728}.Release|x86.ActiveCfg = Release|Win32
		{5008926E-6E3D-4357-B562-57927728E728}.Release|x86.Build.0 = Release|Win32
	EndGlobalSection
	GlobalSection(SolutionProperties) = preSolution
		HideSolutionNode = FALSE
	EndGlobalSection
	GlobalSection(ExtensibilityGlobals) = postSolution
		SolutionGuid = {30F0152E-EE2E-4FEF-A9F7-5DC581DEAEF1}
	EndGlobalSection
EndGlobal
